// !$*UTF8*$!
{
	archiveVersion = 1;
	classes = {
	};
	objectVersion = 46;
	objects = {

/* Begin PBXBuildFile section */
		D254B4361CD87BDF00E220B2 /* AppDelegate.swift in Sources */ = {isa = PBXBuildFile; fileRef = D254B4351CD87BDF00E220B2 /* AppDelegate.swift */; };
		D254B4381CD87BDF00E220B2 /* ViewController.swift in Sources */ = {isa = PBXBuildFile; fileRef = D254B4371CD87BDF00E220B2 /* ViewController.swift */; };
		D254B43B1CD87BDF00E220B2 /* Main.storyboard in Resources */ = {isa = PBXBuildFile; fileRef = D254B4391CD87BDF00E220B2 /* Main.storyboard */; };
		D254B43D1CD87BDF00E220B2 /* Assets.xcassets in Resources */ = {isa = PBXBuildFile; fileRef = D254B43C1CD87BDF00E220B2 /* Assets.xcassets */; };
		D254B4401CD87BDF00E220B2 /* LaunchScreen.storyboard in Resources */ = {isa = PBXBuildFile; fileRef = D254B43E1CD87BDF00E220B2 /* LaunchScreen.storyboard */; };
/* End PBXBuildFile section */

/* Begin PBXFileReference section */
		D254B4321CD87BDF00E220B2 /* project-basic-table-view.app */ = {isa = PBXFileReference; explicitFileType = wrapper.application; includeInIndex = 0; path = "project-basic-table-view.app"; sourceTree = BUILT_PRODUCTS_DIR; };
		D254B4351CD87BDF00E220B2 /* AppDelegate.swift */ = {isa = PBXFileReference; lastKnownFileType = sourcecode.swift; path = AppDelegate.swift; sourceTree = "<group>"; };
		D254B4371CD87BDF00E220B2 /* ViewController.swift */ = {isa = PBXFileReference; lastKnownFileType = sourcecode.swift; path = ViewController.swift; sourceTree = "<group>"; };
		D254B43A1CD87BDF00E220B2 /* Base */ = {isa = PBXFileReference; lastKnownFileType = file.storyboard; name = Base; path = Base.lproj/Main.storyboard; sourceTree = "<group>"; };
		D254B43C1CD87BDF00E220B2 /* Assets.xcassets */ = {isa = PBXFileReference; lastKnownFileType = folder.assetcatalog; path = Assets.xcassets; sourceTree = "<group>"; };
		D254B43F1CD87BDF00E220B2 /* Base */ = {isa = PBXFileReference; lastKnownFileType = file.storyboard; name = Base; path = Base.lproj/LaunchScreen.storyboard; sourceTree = "<group>"; };
		D254B4411CD87BDF00E220B2 /* Info.plist */ = {isa = PBXFileReference; lastKnownFileType = text.plist.xml; path = Info.plist; sourceTree = "<group>"; };
/* End PBXFileReference section */

/* Begin PBXFrameworksBuildPhase section */
		D254B42F1CD87BDF00E220B2 /* Frameworks */ = {
			isa = PBXFrameworksBuildPhase;
			buildActionMask = 2147483647;
			files = (
			);
			runOnlyForDeploymentPostprocessing = 0;
		};
/* End PBXFrameworksBuildPhase section */

/* Begin PBXGroup section */
		D254B4291CD87BDF00E220B2 = {
			isa = PBXGroup;
			children = (
				D254B4341CD87BDF00E220B2 /* project-basic-table-view */,
				D254B4331CD87BDF00E220B2 /* Products */,
			);
			sourceTree = "<group>";
		};
		D254B4331CD87BDF00E220B2 /* Products */ = {
			isa = PBXGroup;
			children = (
				D254B4321CD87BDF00E220B2 /* project-basic-table-view.app */,
			);
			name = Products;
			sourceTree = "<group>";
		};
		D254B4341CD87BDF00E220B2 /* project-basic-table-view */ = {
			isa = PBXGroup;
			children = (
				D254B4371CD87BDF00E220B2 /* ViewController.swift */,
				D254B4391CD87BDF00E220B2 /* Main.storyboard */,
				D254B4471CD87C0E00E220B2 /* Supporting Files */,
			);
			path = "project-basic-table-view";
			sourceTree = "<group>";
		};
		D254B4471CD87C0E00E220B2 /* Supporting Files */ = {
			isa = PBXGroup;
			children = (
				D254B4351CD87BDF00E220B2 /* AppDelegate.swift */,
				D254B43C1CD87BDF00E220B2 /* Assets.xcassets */,
				D254B43E1CD87BDF00E220B2 /* LaunchScreen.storyboard */,
				D254B4411CD87BDF00E220B2 /* Info.plist */,
			);
			name = "Supporting Files";
			sourceTree = "<group>";
		};
/* End PBXGroup section */

/* Begin PBXNativeTarget section */
		D254B4311CD87BDF00E220B2 /* project-basic-table-view */ = {
			isa = PBXNativeTarget;
			buildConfigurationList = D254B4441CD87BDF00E220B2 /* Build configuration list for PBXNativeTarget "project-basic-table-view" */;
			buildPhases = (
				D254B42E1CD87BDF00E220B2 /* Sources */,
				D254B42F1CD87BDF00E220B2 /* Frameworks */,
				D254B4301CD87BDF00E220B2 /* Resources */,
			);
			buildRules = (
			);
			dependencies = (
			);
			name = "project-basic-table-view";
			productName = "project-basic-table-view";
			productReference = D254B4321CD87BDF00E220B2 /* project-basic-table-view.app */;
			productType = "com.apple.product-type.application";
		};
/* End PBXNativeTarget section */

/* Begin PBXProject section */
		D254B42A1CD87BDF00E220B2 /* Project object */ = {
			isa = PBXProject;
			attributes = {
				LastSwiftUpdateCheck = 0730;
				LastUpgradeCheck = 0730;
				ORGANIZATIONNAME = reyes;
				TargetAttributes = {
					D254B4311CD87BDF00E220B2 = {
						CreatedOnToolsVersion = 7.3;
					};
				};
			};
			buildConfigurationList = D254B42D1CD87BDF00E220B2 /* Build configuration list for PBXProject "project-basic-table-view" */;
			compatibilityVersion = "Xcode 3.2";
			developmentRegion = English;
			hasScannedForEncodings = 0;
			knownRegions = (
				en,
				Base,
			);
			mainGroup = D254B4291CD87BDF00E220B2;
			productRefGroup = D254B4331CD87BDF00E220B2 /* Products */;
			projectDirPath = "";
			projectRoot = "";
			targets = (
				D254B4311CD87BDF00E220B2 /* project-basic-table-view */,
			);
		};
/* End PBXProject section */

/* Begin PBXResourcesBuildPhase section */
		D254B4301CD87BDF00E220B2 /* Resources */ = {
			isa = PBXResourcesBuildPhase;
			buildActionMask = 2147483647;
			files = (
				D254B4401CD87BDF00E220B2 /* LaunchScreen.storyboard in Resources */,
				D254B43D1CD87BDF00E220B2 /* Assets.xcassets in Resources */,
				D254B43B1CD87BDF00E220B2 /* Main.storyboard in Resources */,
			);
			runOnlyForDeploymentPostprocessing = 0;
		};
/* End PBXResourcesBuildPhase section */

/* Begin PBXSourcesBuildPhase section */
		D254B42E1CD87BDF00E220B2 /* Sources */ = {
			isa = PBXSourcesBuildPhase;
			buildActionMask = 2147483647;
			files = (
				D254B4381CD87BDF00E220B2 /* ViewController.swift in Sources */,
				D254B4361CD87BDF00E220B2 /* AppDelegate.swift in Sources */,
			);
			runOnlyForDeploymentPostprocessing = 0;
		};
/* End PBXSourcesBuildPhase section */

/* Begin PBXVariantGroup section */
		D254B4391CD87BDF00E220B2 /* Main.storyboard */ = {
			isa = PBXVariantGroup;
			children = (
				D254B43A1CD87BDF00E220B2 /* Base */,
			);
			name = Main.storyboard;
			sourceTree = "<group>";
		};
		D254B43E1CD87BDF00E220B2 /* LaunchScreen.storyboard */ = {
			isa = PBXVariantGroup;
			children = (
				D254B43F1CD87BDF00E220B2 /* Base */,
			);
			name = LaunchScreen.storyboard;
			sourceTree = "<group>";
		};
/* End PBXVariantGroup section */

/* Begin XCBuildConfiguration section */
		D254B4421CD87BDF00E220B2 /* Debug */ = {
			isa = XCBuildConfiguration;
			buildSettings = {
				ALWAYS_SEARCH_USER_PATHS = NO;
				CLANG_ANALYZER_NONNULL = YES;
				CLANG_CXX_LANGUAGE_STANDARD = "gnu++0x";
				CLANG_CXX_LIBRARY = "libc++";
				CLANG_ENABLE_MODULES = YES;
				CLANG_ENABLE_OBJC_ARC = YES;
				CLANG_WARN_BOOL_CONVERSION = YES;
				CLANG_WARN_CONSTANT_CONVERSION = YES;
				CLANG_WARN_DIRECT_OBJC_ISA_USAGE = YES_ERROR;
				CLANG_WARN_EMPTY_BODY = YES;
				CLANG_WARN_ENUM_CONVERSION = YES;
				CLANG_WARN_INT_CONVERSION = YES;
				CLANG_WARN_OBJC_ROOT_CLASS = YES_ERROR;
				CLANG_WARN_UNREACHABLE_CODE = YES;
				CLANG_WARN__DUPLICATE_METHOD_MATCH = YES;
				"CODE_SIGN_IDENTITY[sdk=iphoneos*]" = "iPhone Developer";
				COPY_PHASE_STRIP = NO;
				DEBUG_INFORMATION_FORMAT = dwarf;
				ENABLE_STRICT_OBJC_MSGSEND = YES;
				ENABLE_TESTABILITY = YES;
				GCC_C_LANGUAGE_STANDARD = gnu99;
				GCC_DYNAMIC_NO_PIC = NO;
				GCC_NO_COMMON_BLOCKS = YES;
				GCC_OPTIMIZATION_LEVEL = 0;
				GCC_PREPROCESSOR_DEFINITIONS = (
					"DEBUG=1",
					"$(inherited)",
				);
				GCC_WARN_64_TO_32_BIT_CONVERSION = YES;
				GCC_WARN_ABOUT_RETURN_TYPE = YES_ERROR;
				GCC_WARN_UNDECLARED_SELECTOR = YES;
				GCC_WARN_UNINITIALIZED_AUTOS = YES_AGGRESSIVE;
				GCC_WARN_UNUSED_FUNCTION = YES;
				GCC_WARN_UNUSED_VARIABLE = YES;
				IPHONEOS_DEPLOYMENT_TARGET = 9.3;
				MTL_ENABLE_DEBUG_INFO = YES;
				ONLY_ACTIVE_ARCH = YES;
				SDKROOT = iphoneos;
				SWIFT_OPTIMIZATION_LEVEL = "-Onone";
				TARGETED_DEVICE_FAMILY = "1,2";
			};
			name = Debug;
		};
		D254B4431CD87BDF00E220B2 /* Release */ = {
			isa = XCBuildConfiguration;
			buildSettings = {
				ALWAYS_SEARCH_USER_PATHS = NO;
				CLANG_ANALYZER_NONNULL = YES;
				CLANG_CXX_LANGUAGE_STANDARD = "gnu++0x";
				CLANG_CXX_LIBRARY = "libc++";
				CLANG_ENABLE_MODULES = YES;
				CLANG_ENABLE_OBJC_ARC = YES;
				CLANG_WARN_BOOL_CONVERSION = YES;
				CLANG_WARN_CONSTANT_CONVERSION = YES;
				CLANG_WARN_DIRECT_OBJC_ISA_USAGE = YES_ERROR;
				CLANG_WARN_EMPTY_BODY = YES;
				CLANG_WARN_ENUM_CONVERSION = YES;
				CLANG_WARN_INT_CONVERSION = YES;
				CLANG_WARN_OBJC_ROOT_CLASS = YES_ERROR;
				CLANG_WARN_UNREACHABLE_CODE = YES;
				CLANG_WARN__DUPLICATE_METHOD_MATCH = YES;
				"CODE_SIGN_IDENTITY[sdk=iphoneos*]" = "iPhone Developer";
				COPY_PHASE_STRIP = NO;
				DEBUG_INFORMATION_FORMAT = "dwarf-with-dsym";
				ENABLE_NS_ASSERTIONS = NO;
				ENABLE_STRICT_OBJC_MSGSEND = YES;
				GCC_C_LANGUAGE_STANDARD = gnu99;
				GCC_NO_COMMON_BLOCKS = YES;
				GCC_WARN_64_TO_32_BIT_CONVERSION = YES;
				GCC_WARN_ABOUT_RETURN_TYPE = YES_ERROR;
				GCC_WARN_UNDECLARED_SELECTOR = YES;
				GCC_WARN_UNINITIALIZED_AUTOS = YES_AGGRESSIVE;
				GCC_WARN_UNUSED_FUNCTION = YES;
				GCC_WARN_UNUSED_VARIABLE = YES;
				IPHONEOS_DEPLOYMENT_TARGET = 9.3;
				MTL_ENABLE_DEBUG_INFO = NO;
				SDKROOT = iphoneos;
				TARGETED_DEVICE_FAMILY = "1,2";
				VALIDATE_PRODUCT = YES;
			};
			name = Release;
		};
		D254B4451CD87BDF00E220B2 /* Debug */ = {
			isa = XCBuildConfiguration;
			buildSettings = {
				ASSETCATALOG_COMPILER_APPICON_NAME = AppIcon;
				INFOPLIST_FILE = "project-basic-table-view/Info.plist";
				LD_RUNPATH_SEARCH_PATHS = "$(inherited) @executable_path/Frameworks";
				PRODUCT_BUNDLE_IDENTIFIER = "edu.goodidea.project-basic-table-view";
				PRODUCT_NAME = "$(TARGET_NAME)";
			};
			name = Debug;
		};
		D254B4461CD87BDF00E220B2 /* Release */ = {
			isa = XCBuildConfiguration;
			buildSettings = {
				ASSETCATALOG_COMPILER_APPICON_NAME = AppIcon;
				INFOPLIST_FILE = "project-basic-table-view/Info.plist";
				LD_RUNPATH_SEARCH_PATHS = "$(inherited) @executable_path/Frameworks";
				PRODUCT_BUNDLE_IDENTIFIER = "edu.goodidea.project-basic-table-view";
				PRODUCT_NAME = "$(TARGET_NAME)";
			};
			name = Release;
		};
/* End XCBuildConfiguration section */

/* Begin XCConfigurationList section */
		D254B42D1CD87BDF00E220B2 /* Build configuration list for PBXProject "project-basic-table-view" */ = {
			isa = XCConfigurationList;
			buildConfigurations = (
				D254B4421CD87BDF00E220B2 /* Debug */,
				D254B4431CD87BDF00E220B2 /* Release */,
			);
			defaultConfigurationIsVisible = 0;
			defaultConfigurationName = Release;
		};
		D254B4441CD87BDF00E220B2 /* Build configuration list for PBXNativeTarget "project-basic-table-view" */ = {
			isa = XCConfigurationList;
			buildConfigurations = (
				D254B4451CD87BDF00E220B2 /* Debug */,
				D254B4461CD87BDF00E220B2 /* Release */,
			);
			defaultConfigurationIsVisible = 0;
		};
/* End XCConfigurationList section */
	};
	rootObject = D254B42A1CD87BDF00E220B2 /* Project object */;
}
